// !$*UTF8*$!
{
	archiveVersion = 1;
	classes = {
	};
	objectVersion = 50;
	objects = {

/* Begin PBXBuildFile section */
		048ADA232649C7F7009BD723 /* LogInViewController.swift in Sources */ = {isa = PBXBuildFile; fileRef = 048ADA222649C7F7009BD723 /* LogInViewController.swift */; };
		048ADA2B264B4D24009BD723 /* LoginModel.swift in Sources */ = {isa = PBXBuildFile; fileRef = 048ADA2A264B4D24009BD723 /* LoginModel.swift */; };
		048ADA2F264B4FAC009BD723 /* SignUpModel.swift in Sources */ = {isa = PBXBuildFile; fileRef = 048ADA2E264B4FAC009BD723 /* SignUpModel.swift */; };
		048ADA3B264C2E6E009BD723 /* ProfilePageModel.swift in Sources */ = {isa = PBXBuildFile; fileRef = 048ADA3A264C2E6E009BD723 /* ProfilePageModel.swift */; };
		04D478CA2646F517000116F2 /* SignUpViewController.swift in Sources */ = {isa = PBXBuildFile; fileRef = 04D478C92646F517000116F2 /* SignUpViewController.swift */; };
		04D478CE26479728000116F2 /* Utilities.swift in Sources */ = {isa = PBXBuildFile; fileRef = 04D478CD26479728000116F2 /* Utilities.swift */; };
		04D478D526480C7F000116F2 /* SuccessfullySignedUpViewController.swift in Sources */ = {isa = PBXBuildFile; fileRef = 04D478D426480C7F000116F2 /* SuccessfullySignedUpViewController.swift */; };
		04D478DA264861E6000116F2 /* ProfilePageViewController.swift in Sources */ = {isa = PBXBuildFile; fileRef = 04D478D9264861E6000116F2 /* ProfilePageViewController.swift */; };
		04D7360C2645D9D500F7B14B /* AppDelegate.swift in Sources */ = {isa = PBXBuildFile; fileRef = 04D7360B2645D9D500F7B14B /* AppDelegate.swift */; };
		04D7360E2645D9D500F7B14B /* SceneDelegate.swift in Sources */ = {isa = PBXBuildFile; fileRef = 04D7360D2645D9D500F7B14B /* SceneDelegate.swift */; };
		04D736102645D9D500F7B14B /* UnboardingViewController.swift in Sources */ = {isa = PBXBuildFile; fileRef = 04D7360F2645D9D500F7B14B /* UnboardingViewController.swift */; };
		04D736132645D9D500F7B14B /* Main.storyboard in Resources */ = {isa = PBXBuildFile; fileRef = 04D736112645D9D500F7B14B /* Main.storyboard */; };
		04D736152645D9D800F7B14B /* Assets.xcassets in Resources */ = {isa = PBXBuildFile; fileRef = 04D736142645D9D800F7B14B /* Assets.xcassets */; };
		04D736182645D9D800F7B14B /* LaunchScreen.storyboard in Resources */ = {isa = PBXBuildFile; fileRef = 04D736162645D9D800F7B14B /* LaunchScreen.storyboard */; };
/* End PBXBuildFile section */

/* Begin PBXFileReference section */
		048ADA222649C7F7009BD723 /* LogInViewController.swift */ = {isa = PBXFileReference; lastKnownFileType = sourcecode.swift; path = LogInViewController.swift; sourceTree = "<group>"; };
		048ADA2A264B4D24009BD723 /* LoginModel.swift */ = {isa = PBXFileReference; lastKnownFileType = sourcecode.swift; path = LoginModel.swift; sourceTree = "<group>"; };
		048ADA2E264B4FAC009BD723 /* SignUpModel.swift */ = {isa = PBXFileReference; lastKnownFileType = sourcecode.swift; path = SignUpModel.swift; sourceTree = "<group>"; };
		048ADA3A264C2E6E009BD723 /* ProfilePageModel.swift */ = {isa = PBXFileReference; lastKnownFileType = sourcecode.swift; path = ProfilePageModel.swift; sourceTree = "<group>"; };
		04D478C92646F517000116F2 /* SignUpViewController.swift */ = {isa = PBXFileReference; lastKnownFileType = sourcecode.swift; path = SignUpViewController.swift; sourceTree = "<group>"; };
		04D478CD26479728000116F2 /* Utilities.swift */ = {isa = PBXFileReference; lastKnownFileType = sourcecode.swift; path = Utilities.swift; sourceTree = "<group>"; };
		04D478D426480C7F000116F2 /* SuccessfullySignedUpViewController.swift */ = {isa = PBXFileReference; lastKnownFileType = sourcecode.swift; path = SuccessfullySignedUpViewController.swift; sourceTree = "<group>"; };
		04D478D9264861E6000116F2 /* ProfilePageViewController.swift */ = {isa = PBXFileReference; lastKnownFileType = sourcecode.swift; path = ProfilePageViewController.swift; sourceTree = "<group>"; };
		04D736082645D9D500F7B14B /* CowryWise.app */ = {isa = PBXFileReference; explicitFileType = wrapper.application; includeInIndex = 0; path = CowryWise.app; sourceTree = BUILT_PRODUCTS_DIR; };
		04D7360B2645D9D500F7B14B /* AppDelegate.swift */ = {isa = PBXFileReference; lastKnownFileType = sourcecode.swift; path = AppDelegate.swift; sourceTree = "<group>"; };
		04D7360D2645D9D500F7B14B /* SceneDelegate.swift */ = {isa = PBXFileReference; lastKnownFileType = sourcecode.swift; path = SceneDelegate.swift; sourceTree = "<group>"; };
		04D7360F2645D9D500F7B14B /* UnboardingViewController.swift */ = {isa = PBXFileReference; lastKnownFileType = sourcecode.swift; path = UnboardingViewController.swift; sourceTree = "<group>"; };
		04D736122645D9D500F7B14B /* Base */ = {isa = PBXFileReference; lastKnownFileType = file.storyboard; name = Base; path = Base.lproj/Main.storyboard; sourceTree = "<group>"; };
		04D736142645D9D800F7B14B /* Assets.xcassets */ = {isa = PBXFileReference; lastKnownFileType = folder.assetcatalog; path = Assets.xcassets; sourceTree = "<group>"; };
		04D736172645D9D800F7B14B /* Base */ = {isa = PBXFileReference; lastKnownFileType = file.storyboard; name = Base; path = Base.lproj/LaunchScreen.storyboard; sourceTree = "<group>"; };
		04D736192645D9D800F7B14B /* Info.plist */ = {isa = PBXFileReference; lastKnownFileType = text.plist.xml; path = Info.plist; sourceTree = "<group>"; };
/* End PBXFileReference section */

/* Begin PBXFrameworksBuildPhase section */
		04D736052645D9D500F7B14B /* Frameworks */ = {
			isa = PBXFrameworksBuildPhase;
			buildActionMask = 2147483647;
			files = (
			);
			runOnlyForDeploymentPostprocessing = 0;
		};
/* End PBXFrameworksBuildPhase section */

/* Begin PBXGroup section */
		048ADA212649C7A7009BD723 /* LoginPage */ = {
			isa = PBXGroup;
			children = (
				048ADA222649C7F7009BD723 /* LogInViewController.swift */,
				048ADA2A264B4D24009BD723 /* LoginModel.swift */,
			);
			path = LoginPage;
			sourceTree = "<group>";
		};
		04D478C42646F3BE000116F2 /* SignUpPage */ = {
			isa = PBXGroup;
			children = (
				04D478C72646F42E000116F2 /* Controller */,
				04D478C62646F427000116F2 /* View */,
				04D478C52646F420000116F2 /* Model */,
			);
			path = SignUpPage;
			sourceTree = "<group>";
		};
		04D478C52646F420000116F2 /* Model */ = {
			isa = PBXGroup;
			children = (
			);
			path = Model;
			sourceTree = "<group>";
		};
		04D478C62646F427000116F2 /* View */ = {
			isa = PBXGroup;
			children = (
			);
			path = View;
			sourceTree = "<group>";
		};
		04D478C72646F42E000116F2 /* Controller */ = {
			isa = PBXGroup;
			children = (
				04D478C92646F517000116F2 /* SignUpViewController.swift */,
				048ADA2E264B4FAC009BD723 /* SignUpModel.swift */,
				04D478CD26479728000116F2 /* Utilities.swift */,
			);
			path = Controller;
			sourceTree = "<group>";
		};
		04D478D326480C50000116F2 /* SuccessfullySignedUp */ = {
			isa = PBXGroup;
			children = (
				04D478D426480C7F000116F2 /* SuccessfullySignedUpViewController.swift */,
			);
			path = SuccessfullySignedUp;
			sourceTree = "<group>";
		};
		04D478D8264861D1000116F2 /* ProfilePage */ = {
			isa = PBXGroup;
			children = (
				04D478D9264861E6000116F2 /* ProfilePageViewController.swift */,
				048ADA3A264C2E6E009BD723 /* ProfilePageModel.swift */,
			);
			path = ProfilePage;
			sourceTree = "<group>";
		};
		04D735FF2645D9D500F7B14B = {
			isa = PBXGroup;
			children = (
				04D7360A2645D9D500F7B14B /* CowryWise */,
				04D736092645D9D500F7B14B /* Products */,
			);
			sourceTree = "<group>";
		};
		04D736092645D9D500F7B14B /* Products */ = {
			isa = PBXGroup;
			children = (
				04D736082645D9D500F7B14B /* CowryWise.app */,
			);
			name = Products;
			sourceTree = "<group>";
		};
		04D7360A2645D9D500F7B14B /* CowryWise */ = {
			isa = PBXGroup;
			children = (
				04D478D8264861D1000116F2 /* ProfilePage */,
				048ADA212649C7A7009BD723 /* LoginPage */,
				04D478D326480C50000116F2 /* SuccessfullySignedUp */,
				04D478C42646F3BE000116F2 /* SignUpPage */,
				04D736252646D70A00F7B14B /* UnboardingPage */,
				04D7360B2645D9D500F7B14B /* AppDelegate.swift */,
				04D7360D2645D9D500F7B14B /* SceneDelegate.swift */,
				04D736112645D9D500F7B14B /* Main.storyboard */,
				04D736142645D9D800F7B14B /* Assets.xcassets */,
				04D736162645D9D800F7B14B /* LaunchScreen.storyboard */,
				04D736192645D9D800F7B14B /* Info.plist */,
			);
			path = CowryWise;
			sourceTree = "<group>";
		};
		04D736212646D6AA00F7B14B /* Model */ = {
			isa = PBXGroup;
			children = (
			);
			path = Model;
			sourceTree = "<group>";
		};
		04D736232646D6C900F7B14B /* View */ = {
			isa = PBXGroup;
			children = (
			);
			path = View;
			sourceTree = "<group>";
		};
		04D736242646D6D000F7B14B /* Controller */ = {
			isa = PBXGroup;
			children = (
				04D7360F2645D9D500F7B14B /* UnboardingViewController.swift */,
			);
			path = Controller;
			sourceTree = "<group>";
		};
		04D736252646D70A00F7B14B /* UnboardingPage */ = {
			isa = PBXGroup;
			children = (
				04D736212646D6AA00F7B14B /* Model */,
				04D736232646D6C900F7B14B /* View */,
				04D736242646D6D000F7B14B /* Controller */,
			);
			path = UnboardingPage;
			sourceTree = "<group>";
		};
/* End PBXGroup section */

/* Begin PBXNativeTarget section */
		04D736072645D9D500F7B14B /* CowryWise */ = {
			isa = PBXNativeTarget;
			buildConfigurationList = 04D7361C2645D9D800F7B14B /* Build configuration list for PBXNativeTarget "CowryWise" */;
			buildPhases = (
				04D736042645D9D500F7B14B /* Sources */,
				04D736052645D9D500F7B14B /* Frameworks */,
				04D736062645D9D500F7B14B /* Resources */,
			);
			buildRules = (
			);
			dependencies = (
			);
			name = CowryWise;
			productName = CowryWise;
			productReference = 04D736082645D9D500F7B14B /* CowryWise.app */;
			productType = "com.apple.product-type.application";
		};
/* End PBXNativeTarget section */

/* Begin PBXProject section */
		04D736002645D9D500F7B14B /* Project object */ = {
			isa = PBXProject;
			attributes = {
				LastSwiftUpdateCheck = 1240;
				LastUpgradeCheck = 1240;
				TargetAttributes = {
					04D736072645D9D500F7B14B = {
						CreatedOnToolsVersion = 12.4;
					};
				};
			};
			buildConfigurationList = 04D736032645D9D500F7B14B /* Build configuration list for PBXProject "CowryWise" */;
			compatibilityVersion = "Xcode 9.3";
			developmentRegion = en;
			hasScannedForEncodings = 0;
			knownRegions = (
				en,
				Base,
			);
			mainGroup = 04D735FF2645D9D500F7B14B;
			productRefGroup = 04D736092645D9D500F7B14B /* Products */;
			projectDirPath = "";
			projectRoot = "";
			targets = (
				04D736072645D9D500F7B14B /* CowryWise */,
			);
		};
/* End PBXProject section */

/* Begin PBXResourcesBuildPhase section */
		04D736062645D9D500F7B14B /* Resources */ = {
			isa = PBXResourcesBuildPhase;
			buildActionMask = 2147483647;
			files = (
				04D736182645D9D800F7B14B /* LaunchScreen.storyboard in Resources */,
				04D736152645D9D800F7B14B /* Assets.xcassets in Resources */,
				04D736132645D9D500F7B14B /* Main.storyboard in Resources */,
			);
			runOnlyForDeploymentPostprocessing = 0;
		};
/* End PBXResourcesBuildPhase section */

/* Begin PBXSourcesBuildPhase section */
		04D736042645D9D500F7B14B /* Sources */ = {
			isa = PBXSourcesBuildPhase;
			buildActionMask = 2147483647;
			files = (
				04D478D526480C7F000116F2 /* SuccessfullySignedUpViewController.swift in Sources */,
				048ADA2F264B4FAC009BD723 /* SignUpModel.swift in Sources */,
				04D736102645D9D500F7B14B /* UnboardingViewController.swift in Sources */,
				048ADA2B264B4D24009BD723 /* LoginModel.swift in Sources */,
				04D478CE26479728000116F2 /* Utilities.swift in Sources */,
				04D7360C2645D9D500F7B14B /* AppDelegate.swift in Sources */,
				04D478CA2646F517000116F2 /* SignUpViewController.swift in Sources */,
				04D478DA264861E6000116F2 /* ProfilePageViewController.swift in Sources */,
				048ADA3B264C2E6E009BD723 /* ProfilePageModel.swift in Sources */,
				048ADA232649C7F7009BD723 /* LogInViewController.swift in Sources */,
				04D7360E2645D9D500F7B14B /* SceneDelegate.swift in Sources */,
			);
			runOnlyForDeploymentPostprocessing = 0;
		};
/* End PBXSourcesBuildPhase section */

/* Begin PBXVariantGroup section */
		04D736112645D9D500F7B14B /* Main.storyboard */ = {
			isa = PBXVariantGroup;
			children = (
				04D736122645D9D500F7B14B /* Base */,
			);
			name = Main.storyboard;
			sourceTree = "<group>";
		};
		04D736162645D9D800F7B14B /* LaunchScreen.storyboard */ = {
			isa = PBXVariantGroup;
			children = (
				04D736172645D9D800F7B14B /* Base */,
			);
			name = LaunchScreen.storyboard;
			sourceTree = "<group>";
		};
/* End PBXVariantGroup section */

/* Begin XCBuildConfiguration section */
		04D7361A2645D9D800F7B14B /* Debug */ = {
			isa = XCBuildConfiguration;
			buildSettings = {
				ALWAYS_SEARCH_USER_PATHS = NO;
				CLANG_ANALYZER_NONNULL = YES;
				CLANG_ANALYZER_NUMBER_OBJECT_CONVERSION = YES_AGGRESSIVE;
				CLANG_CXX_LANGUAGE_STANDARD = "gnu++14";
				CLANG_CXX_LIBRARY = "libc++";
				CLANG_ENABLE_MODULES = YES;
				CLANG_ENABLE_OBJC_ARC = YES;
				CLANG_ENABLE_OBJC_WEAK = YES;
				CLANG_WARN_BLOCK_CAPTURE_AUTORELEASING = YES;
				CLANG_WARN_BOOL_CONVERSION = YES;
				CLANG_WARN_COMMA = YES;
				CLANG_WARN_CONSTANT_CONVERSION = YES;
				CLANG_WARN_DEPRECATED_OBJC_IMPLEMENTATIONS = YES;
				CLANG_WARN_DIRECT_OBJC_ISA_USAGE = YES_ERROR;
				CLANG_WARN_DOCUMENTATION_COMMENTS = YES;
				CLANG_WARN_EMPTY_BODY = YES;
				CLANG_WARN_ENUM_CONVERSION = YES;
				CLANG_WARN_INFINITE_RECURSION = YES;
				CLANG_WARN_INT_CONVERSION = YES;
				CLANG_WARN_NON_LITERAL_NULL_CONVERSION = YES;
				CLANG_WARN_OBJC_IMPLICIT_RETAIN_SELF = YES;
				CLANG_WARN_OBJC_LITERAL_CONVERSION = YES;
				CLANG_WARN_OBJC_ROOT_CLASS = YES_ERROR;
				CLANG_WARN_QUOTED_INCLUDE_IN_FRAMEWORK_HEADER = YES;
				CLANG_WARN_RANGE_LOOP_ANALYSIS = YES;
				CLANG_WARN_STRICT_PROTOTYPES = YES;
				CLANG_WARN_SUSPICIOUS_MOVE = YES;
				CLANG_WARN_UNGUARDED_AVAILABILITY = YES_AGGRESSIVE;
				CLANG_WARN_UNREACHABLE_CODE = YES;
				CLANG_WARN__DUPLICATE_METHOD_MATCH = YES;
				COPY_PHASE_STRIP = NO;
				DEBUG_INFORMATION_FORMAT = dwarf;
				ENABLE_STRICT_OBJC_MSGSEND = YES;
				ENABLE_TESTABILITY = YES;
				GCC_C_LANGUAGE_STANDARD = gnu11;
				GCC_DYNAMIC_NO_PIC = NO;
				GCC_NO_COMMON_BLOCKS = YES;
				GCC_OPTIMIZATION_LEVEL = 0;
				GCC_PREPROCESSOR_DEFINITIONS = (
					"DEBUG=1",
					"$(inherited)",
				);
				GCC_WARN_64_TO_32_BIT_CONVERSION = YES;
				GCC_WARN_ABOUT_RETURN_TYPE = YES_ERROR;
				GCC_WARN_UNDECLARED_SELECTOR = YES;
				GCC_WARN_UNINITIALIZED_AUTOS = YES_AGGRESSIVE;
				GCC_WARN_UNUSED_FUNCTION = YES;
				GCC_WARN_UNUSED_VARIABLE = YES;
				IPHONEOS_DEPLOYMENT_TARGET = 14.4;
				MTL_ENABLE_DEBUG_INFO = INCLUDE_SOURCE;
				MTL_FAST_MATH = YES;
				ONLY_ACTIVE_ARCH = YES;
				SDKROOT = iphoneos;
				SWIFT_ACTIVE_COMPILATION_CONDITIONS = DEBUG;
				SWIFT_OPTIMIZATION_LEVEL = "-Onone";
			};
			name = Debug;
		};
		04D7361B2645D9D800F7B14B /* Release */ = {
			isa = XCBuildConfiguration;
			buildSettings = {
				ALWAYS_SEARCH_USER_PATHS = NO;
				CLANG_ANALYZER_NONNULL = YES;
				CLANG_ANALYZER_NUMBER_OBJECT_CONVERSION = YES_AGGRESSIVE;
				CLANG_CXX_LANGUAGE_STANDARD = "gnu++14";
				CLANG_CXX_LIBRARY = "libc++";
				CLANG_ENABLE_MODULES = YES;
				CLANG_ENABLE_OBJC_ARC = YES;
				CLANG_ENABLE_OBJC_WEAK = YES;
				CLANG_WARN_BLOCK_CAPTURE_AUTORELEASING = YES;
				CLANG_WARN_BOOL_CONVERSION = YES;
				CLANG_WARN_COMMA = YES;
				CLANG_WARN_CONSTANT_CONVERSION = YES;
				CLANG_WARN_DEPRECATED_OBJC_IMPLEMENTATIONS = YES;
				CLANG_WARN_DIRECT_OBJC_ISA_USAGE = YES_ERROR;
				CLANG_WARN_DOCUMENTATION_COMMENTS = YES;
				CLANG_WARN_EMPTY_BODY = YES;
				CLANG_WARN_ENUM_CONVERSION = YES;
				CLANG_WARN_INFINITE_RECURSION = YES;
				CLANG_WARN_INT_CONVERSION = YES;
				CLANG_WARN_NON_LITERAL_NULL_CONVERSION = YES;
				CLANG_WARN_OBJC_IMPLICIT_RETAIN_SELF = YES;
				CLANG_WARN_OBJC_LITERAL_CONVERSION = YES;
				CLANG_WARN_OBJC_ROOT_CLASS = YES_ERROR;
				CLANG_WARN_QUOTED_INCLUDE_IN_FRAMEWORK_HEADER = YES;
				CLANG_WARN_RANGE_LOOP_ANALYSIS = YES;
				CLANG_WARN_STRICT_PROTOTYPES = YES;
				CLANG_WARN_SUSPICIOUS_MOVE = YES;
				CLANG_WARN_UNGUARDED_AVAILABILITY = YES_AGGRESSIVE;
				CLANG_WARN_UNREACHABLE_CODE = YES;
				CLANG_WARN__DUPLICATE_METHOD_MATCH = YES;
				COPY_PHASE_STRIP = NO;
				DEBUG_INFORMATION_FORMAT = "dwarf-with-dsym";
				ENABLE_NS_ASSERTIONS = NO;
				ENABLE_STRICT_OBJC_MSGSEND = YES;
				GCC_C_LANGUAGE_STANDARD = gnu11;
				GCC_NO_COMMON_BLOCKS = YES;
				GCC_WARN_64_TO_32_BIT_CONVERSION = YES;
				GCC_WARN_ABOUT_RETURN_TYPE = YES_ERROR;
				GCC_WARN_UNDECLARED_SELECTOR = YES;
				GCC_WARN_UNINITIALIZED_AUTOS = YES_AGGRESSIVE;
				GCC_WARN_UNUSED_FUNCTION = YES;
				GCC_WARN_UNUSED_VARIABLE = YES;
				IPHONEOS_DEPLOYMENT_TARGET = 14.4;
				MTL_ENABLE_DEBUG_INFO = NO;
				MTL_FAST_MATH = YES;
				SDKROOT = iphoneos;
				SWIFT_COMPILATION_MODE = wholemodule;
				SWIFT_OPTIMIZATION_LEVEL = "-O";
				VALIDATE_PRODUCT = YES;
			};
			name = Release;
		};
		04D7361D2645D9D800F7B14B /* Debug */ = {
			isa = XCBuildConfiguration;
			buildSettings = {
				ASSETCATALOG_COMPILER_APPICON_NAME = AppIcon;
				ASSETCATALOG_COMPILER_GLOBAL_ACCENT_COLOR_NAME = AccentColor;
				CODE_SIGN_STYLE = Automatic;
				DEVELOPMENT_TEAM = 3V9R8JFN46;
				INFOPLIST_FILE = CowryWise/Info.plist;
				LD_RUNPATH_SEARCH_PATHS = (
					"$(inherited)",
					"@executable_path/Frameworks",
				);
				PRODUCT_BUNDLE_IDENTIFIER = laidstall.CowryWise;
				PRODUCT_NAME = "$(TARGET_NAME)";
				SWIFT_VERSION = 5.0;
				TARGETED_DEVICE_FAMILY = "1,2";
			};
			name = Debug;
		};
		04D7361E2645D9D800F7B14B /* Release */ = {
			isa = XCBuildConfiguration;
			buildSettings = {
				ASSETCATALOG_COMPILER_APPICON_NAME = AppIcon;
				ASSETCATALOG_COMPILER_GLOBAL_ACCENT_COLOR_NAME = AccentColor;
				CODE_SIGN_STYLE = Automatic;
				DEVELOPMENT_TEAM = 3V9R8JFN46;
				INFOPLIST_FILE = CowryWise/Info.plist;
				LD_RUNPATH_SEARCH_PATHS = (
					"$(inherited)",
					"@executable_path/Frameworks",
				);
				PRODUCT_BUNDLE_IDENTIFIER = laidstall.CowryWise;
				PRODUCT_NAME = "$(TARGET_NAME)";
				SWIFT_VERSION = 5.0;
				TARGETED_DEVICE_FAMILY = "1,2";
			};
			name = Release;
		};
/* End XCBuildConfiguration section */

/* Begin XCConfigurationList section */
		04D736032645D9D500F7B14B /* Build configuration list for PBXProject "CowryWise" */ = {
			isa = XCConfigurationList;
			buildConfigurations = (
				04D7361A2645D9D800F7B14B /* Debug */,
				04D7361B2645D9D800F7B14B /* Release */,
			);
			defaultConfigurationIsVisible = 0;
			defaultConfigurationName = Release;
		};
		04D7361C2645D9D800F7B14B /* Build configuration list for PBXNativeTarget "CowryWise" */ = {
			isa = XCConfigurationList;
			buildConfigurations = (
				04D7361D2645D9D800F7B14B /* Debug */,
				04D7361E2645D9D800F7B14B /* Release */,
			);
			defaultConfigurationIsVisible = 0;
			defaultConfigurationName = Release;
		};
/* End XCConfigurationList section */
	};
	rootObject = 04D736002645D9D500F7B14B /* Project object */;
}
